
Microsoft Visual Studio Solution File, Format Version 12.00
# Visual Studio Version 17
VisualStudioVersion = 17.14.36414.22 d17.14
MinimumVisualStudioVersion = 10.0.40219.1
Project("{FAE04EC0-301F-11D3-BF4B-00C04F79EFBC}") = "condicionais11-11-2025", "condicionais11-11-2025.csproj", "{91688E57-11C0-4B9E-99B6-77269BC23536}"
EndProject
Global
	GlobalSection(SolutionConfigurationPlatforms) = preSolution
		Debug|Any CPU = Debug|Any CPU
		Release|Any CPU = Release|Any CPU
	EndGlobalSection
	GlobalSection(ProjectConfigurationPlatforms) = postSolution
		{91688E57-11C0-4B9E-99B6-77269BC23536}.Debug|Any CPU.ActiveCfg = Debug|Any CPU
		{91688E57-11C0-4B9E-99B6-77269BC23536}.Debug|Any CPU.Build.0 = Debug|Any CPU
		{91688E57-11C0-4B9E-99B6-77269BC23536}.Release|Any CPU.ActiveCfg = Release|Any CPU
		{91688E57-11C0-4B9E-99B6-77269BC23536}.Release|Any CPU.Build.0 = Release|Any CPU
	EndGlobalSection
	GlobalSection(SolutionProperties) = preSolution
		HideSolutionNode = FALSE
	EndGlobalSection
	GlobalSection(ExtensibilityGlobals) = postSolution
		SolutionGuid = {45424799-B56C-4DBD-8731-99C7396794A7}
	EndGlobalSection
EndGlobal
