
Microsoft Visual Studio Solution File, Format Version 12.00
# Visual Studio Version 17
VisualStudioVersion = 17.14.36414.22 d17.14
MinimumVisualStudioVersion = 10.0.40219.1
Project("{FAE04EC0-301F-11D3-BF4B-00C04F79EFBC}") = "olamundo", "olamundo.csproj", "{8058CC1A-8F9B-496B-A100-9D6756EAF167}"
EndProject
Global
	GlobalSection(SolutionConfigurationPlatforms) = preSolution
		Debug|Any CPU = Debug|Any CPU
		Release|Any CPU = Release|Any CPU
	EndGlobalSection
	GlobalSection(ProjectConfigurationPlatforms) = postSolution
		{8058CC1A-8F9B-496B-A100-9D6756EAF167}.Debug|Any CPU.ActiveCfg = Debug|Any CPU
		{8058CC1A-8F9B-496B-A100-9D6756EAF167}.Debug|Any CPU.Build.0 = Debug|Any CPU
		{8058CC1A-8F9B-496B-A100-9D6756EAF167}.Release|Any CPU.ActiveCfg = Release|Any CPU
		{8058CC1A-8F9B-496B-A100-9D6756EAF167}.Release|Any CPU.Build.0 = Release|Any CPU
	EndGlobalSection
	GlobalSection(SolutionProperties) = preSolution
		HideSolutionNode = FALSE
	EndGlobalSection
	GlobalSection(ExtensibilityGlobals) = postSolution
		SolutionGuid = {09794355-2D91-47E2-91E8-423118CFDE9A}
	EndGlobalSection
EndGlobal
